
Microsoft Visual Studio Solution File, Format Version 12.00
# Visual Studio Version 17
VisualStudioVersion = 17.3.32929.385
MinimumVisualStudioVersion = 10.0.40219.1
Project("{FAE04EC0-301F-11D3-BF4B-00C04F79EFBC}") = "GAMEWITHCLASSESMAYBE", "GAMEWITHCLASSESMAYBE\GAMEWITHCLASSESMAYBE.csproj", "{AC47A1C1-ACAA-44DD-A653-12FB26816D7E}"
EndProject
Global
	GlobalSection(SolutionConfigurationPlatforms) = preSolution
		Debug|Any CPU = Debug|Any CPU
		Release|Any CPU = Release|Any CPU
	EndGlobalSection
	GlobalSection(ProjectConfigurationPlatforms) = postSolution
		{AC47A1C1-ACAA-44DD-A653-12FB26816D7E}.Debug|Any CPU.ActiveCfg = Debug|Any CPU
		{AC47A1C1-ACAA-44DD-A653-12FB26816D7E}.Debug|Any CPU.Build.0 = Debug|Any CPU
		{AC47A1C1-ACAA-44DD-A653-12FB26816D7E}.Release|Any CPU.ActiveCfg = Release|Any CPU
		{AC47A1C1-ACAA-44DD-A653-12FB26816D7E}.Release|Any CPU.Build.0 = Release|Any CPU
	EndGlobalSection
	GlobalSection(SolutionProperties) = preSolution
		HideSolutionNode = FALSE
	EndGlobalSection
	GlobalSection(ExtensibilityGlobals) = postSolution
		SolutionGuid = {6A0B6BD8-6BFA-434D-B634-76F00D5AAA82}
	EndGlobalSection
EndGlobal
